
Microsoft Visual Studio Solution File, Format Version 12.00
# Visual Studio 15
VisualStudioVersion = 15.0.28010.2016
MinimumVisualStudioVersion = 10.0.40219.1
Project("{8BC9CEB8-8B4A-11D0-8D11-00A0C91BC942}") = "ALGO", "ALGO.vcxproj", "{DA92E810-D91A-4AAD-BB8A-54DDB70CB5D1}"
EndProject
Global
	GlobalSection(SolutionConfigurationPlatforms) = preSolution
		Debug|x64 = Debug|x64
		Debug|x86 = Debug|x86
		Release|x64 = Release|x64
		Release|x86 = Release|x86
	EndGlobalSection
	GlobalSection(ProjectConfigurationPlatforms) = postSolution
		{DA92E810-D91A-4AAD-BB8A-54DDB70CB5D1}.Debug|x64.ActiveCfg = Debug|x64
		{DA92E810-D91A-4AAD-BB8A-54DDB70CB5D1}.Debug|x64.Build.0 = Debug|x64
		{DA92E810-D91A-4AAD-BB8A-54DDB70CB5D1}.Debug|x86.ActiveCfg = Debug|Win32
		{DA92E810-D91A-4AAD-BB8A-54DDB70CB5D1}.Debug|x86.Build.0 = Debug|Win32
		{DA92E810-D91A-4AAD-BB8A-54DDB70CB5D1}.Release|x64.ActiveCfg = Release|x64
		{DA92E810-D91A-4AAD-BB8A-54DDB70CB5D1}.Release|x64.Build.0 = Release|x64
		{DA92E810-D91A-4AAD-BB8A-54DDB70CB5D1}.Release|x86.ActiveCfg = Release|Win32
		{DA92E810-D91A-4AAD-BB8A-54DDB70CB5D1}.Release|x86.Build.0 = Release|Win32
	EndGlobalSection
	GlobalSection(SolutionProperties) = preSolution
		HideSolutionNode = FALSE
	EndGlobalSection
	GlobalSection(ExtensibilityGlobals) = postSolution
		SolutionGuid = {F7235CD6-CE1B-4C01-B033-C636FFD32411}
	EndGlobalSection
EndGlobal
